
Microsoft Visual Studio Solution File, Format Version 12.00
# Visual Studio Version 17
VisualStudioVersion = 17.7.34221.43
MinimumVisualStudioVersion = 10.0.40219.1
Project("{8BC9CEB8-8B4A-11D0-8D11-00A0C91BC942}") = "HW10", "HW10\HW10.vcxproj", "{B05C3820-63CE-4203-8D32-F090B4876067}"
EndProject
Global
	GlobalSection(SolutionConfigurationPlatforms) = preSolution
		Debug|x64 = Debug|x64
		Debug|x86 = Debug|x86
		Release|x64 = Release|x64
		Release|x86 = Release|x86
	EndGlobalSection
	GlobalSection(ProjectConfigurationPlatforms) = postSolution
		{B05C3820-63CE-4203-8D32-F090B4876067}.Debug|x64.ActiveCfg = Debug|x64
		{B05C3820-63CE-4203-8D32-F090B4876067}.Debug|x64.Build.0 = Debug|x64
		{B05C3820-63CE-4203-8D32-F090B4876067}.Debug|x86.ActiveCfg = Debug|Win32
		{B05C3820-63CE-4203-8D32-F090B4876067}.Debug|x86.Build.0 = Debug|Win32
		{B05C3820-63CE-4203-8D32-F090B4876067}.Release|x64.ActiveCfg = Release|x64
		{B05C3820-63CE-4203-8D32-F090B4876067}.Release|x64.Build.0 = Release|x64
		{B05C3820-63CE-4203-8D32-F090B4876067}.Release|x86.ActiveCfg = Release|Win32
		{B05C3820-63CE-4203-8D32-F090B4876067}.Release|x86.Build.0 = Release|Win32
	EndGlobalSection
	GlobalSection(SolutionProperties) = preSolution
		HideSolutionNode = FALSE
	EndGlobalSection
	GlobalSection(ExtensibilityGlobals) = postSolution
		SolutionGuid = {3060D9D1-E8C4-4A54-BC97-E4B574495044}
	EndGlobalSection
EndGlobal
