
Microsoft Visual Studio Solution File, Format Version 12.00
# Visual Studio Version 17
VisualStudioVersion = 17.7.34003.232
MinimumVisualStudioVersion = 10.0.40219.1
Project("{8BC9CEB8-8B4A-11D0-8D11-00A0C91BC942}") = "Midexam", "Midexam.vcxproj", "{FBFC4E72-B499-4B19-8E7B-9D1ED884311F}"
EndProject
Global
	GlobalSection(SolutionConfigurationPlatforms) = preSolution
		Debug|x64 = Debug|x64
		Debug|x86 = Debug|x86
		Release|x64 = Release|x64
		Release|x86 = Release|x86
	EndGlobalSection
	GlobalSection(ProjectConfigurationPlatforms) = postSolution
		{FBFC4E72-B499-4B19-8E7B-9D1ED884311F}.Debug|x64.ActiveCfg = Debug|x64
		{FBFC4E72-B499-4B19-8E7B-9D1ED884311F}.Debug|x64.Build.0 = Debug|x64
		{FBFC4E72-B499-4B19-8E7B-9D1ED884311F}.Debug|x86.ActiveCfg = Debug|Win32
		{FBFC4E72-B499-4B19-8E7B-9D1ED884311F}.Debug|x86.Build.0 = Debug|Win32
		{FBFC4E72-B499-4B19-8E7B-9D1ED884311F}.Release|x64.ActiveCfg = Release|x64
		{FBFC4E72-B499-4B19-8E7B-9D1ED884311F}.Release|x64.Build.0 = Release|x64
		{FBFC4E72-B499-4B19-8E7B-9D1ED884311F}.Release|x86.ActiveCfg = Release|Win32
		{FBFC4E72-B499-4B19-8E7B-9D1ED884311F}.Release|x86.Build.0 = Release|Win32
	EndGlobalSection
	GlobalSection(SolutionProperties) = preSolution
		HideSolutionNode = FALSE
	EndGlobalSection
	GlobalSection(ExtensibilityGlobals) = postSolution
		SolutionGuid = {2C95AA97-FCE9-499C-9254-89A97A83D652}
	EndGlobalSection
EndGlobal
