
Microsoft Visual Studio Solution File, Format Version 12.00
# Visual Studio Version 17
VisualStudioVersion = 17.6.33815.320
MinimumVisualStudioVersion = 10.0.40219.1
Project("{8BC9CEB8-8B4A-11D0-8D11-00A0C91BC942}") = "test", "test\test.vcxproj", "{199E7817-C931-4AE7-9699-53D7E399BE67}"
EndProject
Global
	GlobalSection(SolutionConfigurationPlatforms) = preSolution
		Debug|x64 = Debug|x64
		Debug|x86 = Debug|x86
		Release|x64 = Release|x64
		Release|x86 = Release|x86
	EndGlobalSection
	GlobalSection(ProjectConfigurationPlatforms) = postSolution
		{199E7817-C931-4AE7-9699-53D7E399BE67}.Debug|x64.ActiveCfg = Debug|x64
		{199E7817-C931-4AE7-9699-53D7E399BE67}.Debug|x64.Build.0 = Debug|x64
		{199E7817-C931-4AE7-9699-53D7E399BE67}.Debug|x86.ActiveCfg = Debug|Win32
		{199E7817-C931-4AE7-9699-53D7E399BE67}.Debug|x86.Build.0 = Debug|Win32
		{199E7817-C931-4AE7-9699-53D7E399BE67}.Release|x64.ActiveCfg = Release|x64
		{199E7817-C931-4AE7-9699-53D7E399BE67}.Release|x64.Build.0 = Release|x64
		{199E7817-C931-4AE7-9699-53D7E399BE67}.Release|x86.ActiveCfg = Release|Win32
		{199E7817-C931-4AE7-9699-53D7E399BE67}.Release|x86.Build.0 = Release|Win32
	EndGlobalSection
	GlobalSection(SolutionProperties) = preSolution
		HideSolutionNode = FALSE
	EndGlobalSection
	GlobalSection(ExtensibilityGlobals) = postSolution
		SolutionGuid = {C0466F2E-6807-4222-AE06-BD86590DB54A}
	EndGlobalSection
EndGlobal
