
Microsoft Visual Studio Solution File, Format Version 12.00
# Visual Studio Version 17
VisualStudioVersion = 17.6.33815.320
MinimumVisualStudioVersion = 10.0.40219.1
Project("{8BC9CEB8-8B4A-11D0-8D11-00A0C91BC942}") = "Lab3", "Lab3\Lab3.vcxproj", "{E0189C84-EEA6-41D0-89C3-08E116857D64}"
EndProject
Global
	GlobalSection(SolutionConfigurationPlatforms) = preSolution
		Debug|x64 = Debug|x64
		Debug|x86 = Debug|x86
		Release|x64 = Release|x64
		Release|x86 = Release|x86
	EndGlobalSection
	GlobalSection(ProjectConfigurationPlatforms) = postSolution
		{E0189C84-EEA6-41D0-89C3-08E116857D64}.Debug|x64.ActiveCfg = Debug|x64
		{E0189C84-EEA6-41D0-89C3-08E116857D64}.Debug|x64.Build.0 = Debug|x64
		{E0189C84-EEA6-41D0-89C3-08E116857D64}.Debug|x86.ActiveCfg = Debug|Win32
		{E0189C84-EEA6-41D0-89C3-08E116857D64}.Debug|x86.Build.0 = Debug|Win32
		{E0189C84-EEA6-41D0-89C3-08E116857D64}.Release|x64.ActiveCfg = Release|x64
		{E0189C84-EEA6-41D0-89C3-08E116857D64}.Release|x64.Build.0 = Release|x64
		{E0189C84-EEA6-41D0-89C3-08E116857D64}.Release|x86.ActiveCfg = Release|Win32
		{E0189C84-EEA6-41D0-89C3-08E116857D64}.Release|x86.Build.0 = Release|Win32
	EndGlobalSection
	GlobalSection(SolutionProperties) = preSolution
		HideSolutionNode = FALSE
	EndGlobalSection
	GlobalSection(ExtensibilityGlobals) = postSolution
		SolutionGuid = {B4B07E8E-EF9B-4704-BDEF-16732CBA6C47}
	EndGlobalSection
EndGlobal
